
Microsoft Visual Studio Solution File, Format Version 12.00
# Visual Studio Version 17
VisualStudioVersion = 17.3.32901.215
MinimumVisualStudioVersion = 10.0.40219.1
Project("{FAE04EC0-301F-11D3-BF4B-00C04F79EFBC}") = "uygulama15", "uygulama15\uygulama15.csproj", "{286A0BA9-B422-4665-B4B7-89B570A29204}"
EndProject
Global
	GlobalSection(SolutionConfigurationPlatforms) = preSolution
		Debug|Any CPU = Debug|Any CPU
		Release|Any CPU = Release|Any CPU
	EndGlobalSection
	GlobalSection(ProjectConfigurationPlatforms) = postSolution
		{286A0BA9-B422-4665-B4B7-89B570A29204}.Debug|Any CPU.ActiveCfg = Debug|Any CPU
		{286A0BA9-B422-4665-B4B7-89B570A29204}.Debug|Any CPU.Build.0 = Debug|Any CPU
		{286A0BA9-B422-4665-B4B7-89B570A29204}.Release|Any CPU.ActiveCfg = Release|Any CPU
		{286A0BA9-B422-4665-B4B7-89B570A29204}.Release|Any CPU.Build.0 = Release|Any CPU
	EndGlobalSection
	GlobalSection(SolutionProperties) = preSolution
		HideSolutionNode = FALSE
	EndGlobalSection
	GlobalSection(ExtensibilityGlobals) = postSolution
		SolutionGuid = {B084C0EE-76E2-49A9-9F3D-8D282F68684B}
	EndGlobalSection
EndGlobal
